{
    "_readme": [
        "This file locks the dependencies of your project to a known state",
        "Read more about it at https://getcomposer.org/doc/01-basic-usage.md#installing-dependencies",
        "This file is @generated automatically"
    ],
    "content-hash": "6bc101780b77e298852711a5f66f3f7f",
    "packages": [
        {
            "name": "drupol/phpermutations",
            "version": "dev-master",
            "source": {
                "type": "git",
                "url": "https://github.com/drupol/phpermutations.git",
                "reference": "e11e36ce1b4d18e7d81659fe3e5bfb936f1cb53a"
            },
            "dist": {
                "type": "zip",
                "url": "https://api.github.com/repos/drupol/phpermutations/zipball/e11e36ce1b4d18e7d81659fe3e5bfb936f1cb53a",
                "reference": "e11e36ce1b4d18e7d81659fe3e5bfb936f1cb53a",
                "shasum": ""
            },
            "require": {
                "php": ">= 7.1.3"
            },
            "require-dev": {
                "drupol/php-conventions": "^1.7.1",
                "phpunit/php-code-coverage": "^4 || ^5",
                "phpunit/phpunit": "^6 || ^7"
            },
            "default-branch": true,
            "type": "library",
            "autoload": {
                "psr-4": {
                    "drupol\\phpermutations\\": "src/",
                    "drupol\\phpermutations\\Tests\\": "tests/src/"
                }
            },
            "notification-url": "https://packagist.org/downloads/",
            "license": [
                "MIT"
            ],
            "authors": [
                {
                    "name": "Pol Dellaiera",
                    "email": "pol.dellaiera@protonmail.com"
                }
            ],
            "description": "Generators and iterators, permutations and combinations.",
            "homepage": "https://github.com/drupol/phpermutations",
            "keywords": [
                "combinations",
                "fibonacci",
                "iterators",
                "math",
                "numbers",
                "permutations",
                "prime numbers",
                "product"
            ],
            "support": {
                "issues": "https://github.com/drupol/phpermutations/issues",
                "source": "https://github.com/drupol/phpermutations"
            },
            "funding": [
                {
                    "url": "https://github.com/drupol",
                    "type": "github"
                }
            ],
            "time": "2023-11-20T09:41:36+00:00"
        }
    ],
    "packages-dev": [],
    "aliases": [],
    "minimum-stability": "stable",
    "stability-flags": {
        "drupol/phpermutations": 20
    },
    "prefer-stable": false,
    "prefer-lowest": false,
    "platform": {
        "php": ">=7.4"
    },
    "platform-dev": [],
    "plugin-api-version": "2.3.0"
}
